PODS:
  - AFNetworking/NSURLSession (4.0.3):
    - AFNetworking/Reachability
    - AFNetworking/Security
    - AFNetworking/Serialization
  - AFNetworking/Reachability (4.0.3)
  - AFNetworking/Security (4.0.3)
  - AFNetworking/Serialization (4.0.3)
  - AFNetworking/UIKit (4.0.3):
    - AFNetworking/NSURLSession
  - AnywhereUtilCore (1.0.5):
    - AFNetworking/NSURLSession (~> 4.0.0)
    - AFNetworking/Reachability (~> 4.0.0)
    - AFNetworking/Security (~> 4.0.0)
    - AFNetworking/Serialization (~> 4.0.0)
    - AFNetworking/UIKit (~> 4.0.0)
    - Kingfisher (= 8.0.3)
  - Kingfisher (8.0.3)
  - MapxusBaseSDK (7.0.0):
    - AFNetworking/NSURLSession (~> 4.0.2)
    - AFNetworking/Reachability (~> 4.0.2)
    - AFNetworking/Security (~> 4.0.2)
    - AFNetworking/Serialization (~> 4.0.2)
    - YYModel (~> 1.0.5)
  - YYModel (1.0.6)

DEPENDENCIES:
  - AFNetworking/NSURLSession (~> 4.0.2)
  - AFNetworking/Reachability (~> 4.0.2)
  - AFNetworking/Security (~> 4.0.2)
  - AFNetworking/Serialization (~> 4.0.2)
  - AFNetworking/UIKit (~> 4.0.2)
  - AnywhereUtilCore (from `../`)
  - MapxusBaseSDK (= 7.0.0)

SPEC REPOS:
  https://github.com/CocoaPods/Specs.git:
    - Kingfisher
  https://github.com/Mapxus/mapxusSpecs.git:
    - AFNetworking
    - MapxusBaseSDK
    - YYModel

EXTERNAL SOURCES:
  AnywhereUtilCore:
    :path: "../"

SPEC CHECKSUMS:
  AFNetworking: a0ee5c746161b0ce8717dcf1057b4a530bcae72a
  AnywhereUtilCore: 33d84d5b450a134dba590ba12d67b70187d4854b
  Kingfisher: bbf78af014cc845cf9a799363f627b5212784165
  MapxusBaseSDK: eb43f3c64aa5ffd76934b22270dd06ace7e7970d
  YYModel: 30b7632ef7764dd1b40ae0875740e71c4393445f

PODFILE CHECKSUM: 3ffadd26a6d4036a2e70957fd2a7bccb51109c3f

COCOAPODS: 1.16.2
